
Microsoft Visual Studio Solution File, Format Version 12.00
# Visual Studio Version 17
VisualStudioVersion = 17.9.34607.119
MinimumVisualStudioVersion = 10.0.40219.1
Project("{FAE04EC0-301F-11D3-BF4B-00C04F79EFBC}") = "WebApplication1", "WebApplication1\WebApplication1.csproj", "{BEB7F821-4DE8-4812-BAF3-70EC135612BF}"
EndProject
Global
	GlobalSection(SolutionConfigurationPlatforms) = preSolution
		Debug|Any CPU = Debug|Any CPU
		Release|Any CPU = Release|Any CPU
	EndGlobalSection
	GlobalSection(ProjectConfigurationPlatforms) = postSolution
		{BEB7F821-4DE8-4812-BAF3-70EC135612BF}.Debug|Any CPU.ActiveCfg = Debug|Any CPU
		{BEB7F821-4DE8-4812-BAF3-70EC135612BF}.Debug|Any CPU.Build.0 = Debug|Any CPU
		{BEB7F821-4DE8-4812-BAF3-70EC135612BF}.Release|Any CPU.ActiveCfg = Release|Any CPU
		{BEB7F821-4DE8-4812-BAF3-70EC135612BF}.Release|Any CPU.Build.0 = Release|Any CPU
	EndGlobalSection
	GlobalSection(SolutionProperties) = preSolution
		HideSolutionNode = FALSE
	EndGlobalSection
	GlobalSection(ExtensibilityGlobals) = postSolution
		SolutionGuid = {9C9FCE2D-C742-4A80-B323-E8542BB44FFE}
	EndGlobalSection
EndGlobal
